
Microsoft Visual Studio Solution File, Format Version 12.00
# Visual Studio Version 17
VisualStudioVersion = 17.10.34928.147
MinimumVisualStudioVersion = 10.0.40219.1
Project("{9A19103F-16F7-4668-BE54-9A1E7A4F7556}") = "Vokimi", "Vokimi\Vokimi.csproj", "{9A0F24C0-24AB-4180-9768-8B76455D1481}"
EndProject
Project("{9A19103F-16F7-4668-BE54-9A1E7A4F7556}") = "Vokimi.Client", "Vokimi.Client\Vokimi.Client.csproj", "{A3605F5A-7A7C-452D-9F5D-63D31BF7341E}"
EndProject
Project("{FAE04EC0-301F-11D3-BF4B-00C04F79EFBC}") = "VokimiShared", "VokimiShared\VokimiShared.csproj", "{8CE21378-47D4-43D2-BE5A-30ED23E4BD75}"
EndProject
Global
	GlobalSection(SolutionConfigurationPlatforms) = preSolution
		Debug|Any CPU = Debug|Any CPU
		Release|Any CPU = Release|Any CPU
	EndGlobalSection
	GlobalSection(ProjectConfigurationPlatforms) = postSolution
		{9A0F24C0-24AB-4180-9768-8B76455D1481}.Debug|Any CPU.ActiveCfg = Debug|Any CPU
		{9A0F24C0-24AB-4180-9768-8B76455D1481}.Debug|Any CPU.Build.0 = Debug|Any CPU
		{9A0F24C0-24AB-4180-9768-8B76455D1481}.Release|Any CPU.ActiveCfg = Release|Any CPU
		{9A0F24C0-24AB-4180-9768-8B76455D1481}.Release|Any CPU.Build.0 = Release|Any CPU
		{A3605F5A-7A7C-452D-9F5D-63D31BF7341E}.Debug|Any CPU.ActiveCfg = Debug|Any CPU
		{A3605F5A-7A7C-452D-9F5D-63D31BF7341E}.Debug|Any CPU.Build.0 = Debug|Any CPU
		{A3605F5A-7A7C-452D-9F5D-63D31BF7341E}.Release|Any CPU.ActiveCfg = Release|Any CPU
		{A3605F5A-7A7C-452D-9F5D-63D31BF7341E}.Release|Any CPU.Build.0 = Release|Any CPU
		{8CE21378-47D4-43D2-BE5A-30ED23E4BD75}.Debug|Any CPU.ActiveCfg = Debug|Any CPU
		{8CE21378-47D4-43D2-BE5A-30ED23E4BD75}.Debug|Any CPU.Build.0 = Debug|Any CPU
		{8CE21378-47D4-43D2-BE5A-30ED23E4BD75}.Release|Any CPU.ActiveCfg = Release|Any CPU
		{8CE21378-47D4-43D2-BE5A-30ED23E4BD75}.Release|Any CPU.Build.0 = Release|Any CPU
	EndGlobalSection
	GlobalSection(SolutionProperties) = preSolution
		HideSolutionNode = FALSE
	EndGlobalSection
	GlobalSection(ExtensibilityGlobals) = postSolution
		SolutionGuid = {8C8B76A8-7C4B-4065-9C72-62DA2234D844}
	EndGlobalSection
EndGlobal
